
Microsoft Visual Studio Solution File, Format Version 12.00
# Visual Studio Version 17
VisualStudioVersion = 17.6.33815.320
MinimumVisualStudioVersion = 10.0.40219.1
Project("{FAE04EC0-301F-11D3-BF4B-00C04F79EFBC}") = "Cafe", "Cafe\Cafe.csproj", "{6E130046-726D-4831-90E8-AB7C00B22CA9}"
EndProject
Global
	GlobalSection(SolutionConfigurationPlatforms) = preSolution
		Debug|Any CPU = Debug|Any CPU
		Release|Any CPU = Release|Any CPU
	EndGlobalSection
	GlobalSection(ProjectConfigurationPlatforms) = postSolution
		{6E130046-726D-4831-90E8-AB7C00B22CA9}.Debug|Any CPU.ActiveCfg = Debug|Any CPU
		{6E130046-726D-4831-90E8-AB7C00B22CA9}.Debug|Any CPU.Build.0 = Debug|Any CPU
		{6E130046-726D-4831-90E8-AB7C00B22CA9}.Release|Any CPU.ActiveCfg = Release|Any CPU
		{6E130046-726D-4831-90E8-AB7C00B22CA9}.Release|Any CPU.Build.0 = Release|Any CPU
	EndGlobalSection
	GlobalSection(SolutionProperties) = preSolution
		HideSolutionNode = FALSE
	EndGlobalSection
	GlobalSection(ExtensibilityGlobals) = postSolution
		SolutionGuid = {0F203311-E556-4F2D-A17B-8A17B0E8059B}
	EndGlobalSection
EndGlobal
